
Microsoft Visual Studio Solution File, Format Version 12.00
# Visual Studio Version 17
VisualStudioVersion = 17.5.002.0
MinimumVisualStudioVersion = 10.0.40219.1
Project("{9A19103F-16F7-4668-BE54-9A1E7A4F7556}") = "StopWatch", "StopWatch.csproj", "{A929E69F-1668-4482-85C5-7BFF88E16D6E}"
EndProject
Project("{9A19103F-16F7-4668-BE54-9A1E7A4F7556}") = "StopwatchTimer.Tests", "StopwatchTimer.Tests\StopwatchTimer.Tests.csproj", "{A8303659-2070-416F-8E93-C4C1CCFC3218}"
EndProject
Global
	GlobalSection(SolutionConfigurationPlatforms) = preSolution
		Debug|Any CPU = Debug|Any CPU
		Release|Any CPU = Release|Any CPU
	EndGlobalSection
	GlobalSection(ProjectConfigurationPlatforms) = postSolution
		{A929E69F-1668-4482-85C5-7BFF88E16D6E}.Debug|Any CPU.ActiveCfg = Debug|Any CPU
		{A929E69F-1668-4482-85C5-7BFF88E16D6E}.Debug|Any CPU.Build.0 = Debug|Any CPU
		{A929E69F-1668-4482-85C5-7BFF88E16D6E}.Release|Any CPU.ActiveCfg = Release|Any CPU
		{A929E69F-1668-4482-85C5-7BFF88E16D6E}.Release|Any CPU.Build.0 = Release|Any CPU
		{A8303659-2070-416F-8E93-C4C1CCFC3218}.Debug|Any CPU.ActiveCfg = Debug|Any CPU
		{A8303659-2070-416F-8E93-C4C1CCFC3218}.Debug|Any CPU.Build.0 = Debug|Any CPU
		{A8303659-2070-416F-8E93-C4C1CCFC3218}.Release|Any CPU.ActiveCfg = Release|Any CPU
		{A8303659-2070-416F-8E93-C4C1CCFC3218}.Release|Any CPU.Build.0 = Release|Any CPU
	EndGlobalSection
	GlobalSection(SolutionProperties) = preSolution
		HideSolutionNode = FALSE
	EndGlobalSection
	GlobalSection(ExtensibilityGlobals) = postSolution
		SolutionGuid = {0831996D-FE75-4ADC-B899-A62083FC2B2E}
	EndGlobalSection
EndGlobal
